# THIS IS AN AUTOGENERATED FILE. DO NOT EDIT THIS FILE DIRECTLY.
# yarn lockfile v1
"@types/node@*", "@types/node@^6.0.52":
  version "6.0.52"
  resolved "https://registry.yarnpkg.com/@types/node/-/node-6.0.52.tgz#1ac3a99b42320f9e463482f25af4c2359473aaa6"

"@types/split2":
  version "2.1.5"
  resolved "https://registry.yarnpkg.com/@types/split2/-/split2-2.1.5.tgz#a0474c257bd3eed3f0f3e2c8747601e53da642db"
  dependencies:
    "@types/node" "*"

buffer-shims@^1.0.0:
  version "1.0.0"
  resolved "https://registry.yarnpkg.com/buffer-shims/-/buffer-shims-1.0.0.tgz#9978ce317388c649ad8793028c3477ef044a8b51"

byline@~4.2.1:
  version "4.2.2"
  resolved "https://registry.yarnpkg.com/byline/-/byline-4.2.2.tgz#c203a98a5b0290822a9386a78eda2cbd5bcdb32f"

core-util-is@~1.0.0:
  version "1.0.2"
  resolved "https://registry.yarnpkg.com/core-util-is/-/core-util-is-1.0.2.tgz#b5fd54220aa2bc5ab57aab7140c940754503c1a7"

inherits@~2.0.1:
  version "2.0.3"
  resolved "https://registry.yarnpkg.com/inherits/-/inherits-2.0.3.tgz#633c2c83e3da42a502f52466022480f4208261de"

isarray@~1.0.0:
  version "1.0.0"
  resolved "https://registry.yarnpkg.com/isarray/-/isarray-1.0.0.tgz#bb935d48582cba168c06834957a54a3e07124f11"

node-ts:
  version "2.1.2"
  resolved "https://registry.yarnpkg.com/node-ts/-/node-ts-2.1.2.tgz#7e7dbb226046b27da12ca96568d7810eb462aaf1"
  dependencies:
    byline "~4.2.1"

process-nextick-args@~1.0.6:
  version "1.0.7"
  resolved "https://registry.yarnpkg.com/process-nextick-args/-/process-nextick-args-1.0.7.tgz#150e20b756590ad3f91093f25a4f2ad8bff30ba3"

readable-stream@^2.1.5:
  version "2.2.2"
  resolved "https://registry.yarnpkg.com/readable-stream/-/readable-stream-2.2.2.tgz#a9e6fec3c7dda85f8bb1b3ba7028604556fc825e"
  dependencies:
    buffer-shims "^1.0.0"
    core-util-is "~1.0.0"
    inherits "~2.0.1"
    isarray "~1.0.0"
    process-nextick-args "~1.0.6"
    string_decoder "~0.10.x"
    util-deprecate "~1.0.1"

reflect-metadata@^0.1.2:
  version "0.1.8"
  resolved "https://registry.yarnpkg.com/reflect-metadata/-/reflect-metadata-0.1.8.tgz#72426d570b60776e3688968bd5ab9537a15cecf6"

runtime-type-checks:
  version "0.0.4"
  resolved "https://registry.yarnpkg.com/runtime-type-checks/-/runtime-type-checks-0.0.4.tgz#5682baf2ffe53f955fe3e065b40a0a09943845c8"
  dependencies:
    reflect-metadata "^0.1.2"

split2:
  version "2.1.0"
  resolved "https://registry.yarnpkg.com/split2/-/split2-2.1.0.tgz#7382c148cb622c4b28af7c727f9673730b73f474"
  dependencies:
    through2 "~2.0.0"

string_decoder@~0.10.x:
  version "0.10.31"
  resolved "https://registry.yarnpkg.com/string_decoder/-/string_decoder-0.10.31.tgz#62e203bc41766c6c28c9fc84301dab1c5310fa94"

through2@~2.0.0:
  version "2.0.3"
  resolved "https://registry.yarnpkg.com/through2/-/through2-2.0.3.tgz#0004569b37c7c74ba39c43f3ced78d1ad94140be"
  dependencies:
    readable-stream "^2.1.5"
    xtend "~4.0.1"

util-deprecate@~1.0.1:
  version "1.0.2"
  resolved "https://registry.yarnpkg.com/util-deprecate/-/util-deprecate-1.0.2.tgz#450d4dc9fa70de732762fbd2d4a28981419a0ccf"

xtend@~4.0.1:
  version "4.0.1"
  resolved "https://registry.yarnpkg.com/xtend/-/xtend-4.0.1.tgz#a5c6d532be656e23db820efb943a1f04998d63af"

